
Microsoft Visual Studio Solution File, Format Version 12.00
# Visual Studio Version 17
VisualStudioVersion = 17.2.32630.192
MinimumVisualStudioVersion = 10.0.40219.1
Project("{9A19103F-16F7-4668-BE54-9A1E7A4F7556}") = "YoutubeDownloaderDesktop", "YoutubeDownloaderSolution\YoutubeDownloaderDesktop.csproj", "{27AE666D-0BAC-4700-A173-19D2D686AF6D}"
EndProject
Project("{9A19103F-16F7-4668-BE54-9A1E7A4F7556}") = "YoutubeDownloaderLib", "YoutubeDownloaderLib\YoutubeDownloaderLib.csproj", "{35BD90DE-F009-45B2-A1EF-4F92FD9FF21D}"
EndProject
Project("{9A19103F-16F7-4668-BE54-9A1E7A4F7556}") = "UnitTests", "UnitTests\UnitTests.csproj", "{2D83FB1D-947D-4709-B415-B34EFBED2245}"
EndProject
Project("{9A19103F-16F7-4668-BE54-9A1E7A4F7556}") = "YoutubeDownloaderConsole", "YoutubeDownloaderConsole\YoutubeDownloaderConsole.csproj", "{BF88F238-AC98-44F2-8236-69C37C16F99F}"
EndProject
Global
	GlobalSection(SolutionConfigurationPlatforms) = preSolution
		Debug|Any CPU = Debug|Any CPU
		Release|Any CPU = Release|Any CPU
	EndGlobalSection
	GlobalSection(ProjectConfigurationPlatforms) = postSolution
		{27AE666D-0BAC-4700-A173-19D2D686AF6D}.Debug|Any CPU.ActiveCfg = Debug|Any CPU
		{27AE666D-0BAC-4700-A173-19D2D686AF6D}.Debug|Any CPU.Build.0 = Debug|Any CPU
		{27AE666D-0BAC-4700-A173-19D2D686AF6D}.Release|Any CPU.ActiveCfg = Release|Any CPU
		{27AE666D-0BAC-4700-A173-19D2D686AF6D}.Release|Any CPU.Build.0 = Release|Any CPU
		{35BD90DE-F009-45B2-A1EF-4F92FD9FF21D}.Debug|Any CPU.ActiveCfg = Debug|Any CPU
		{35BD90DE-F009-45B2-A1EF-4F92FD9FF21D}.Debug|Any CPU.Build.0 = Debug|Any CPU
		{35BD90DE-F009-45B2-A1EF-4F92FD9FF21D}.Release|Any CPU.ActiveCfg = Release|Any CPU
		{35BD90DE-F009-45B2-A1EF-4F92FD9FF21D}.Release|Any CPU.Build.0 = Release|Any CPU
		{2D83FB1D-947D-4709-B415-B34EFBED2245}.Debug|Any CPU.ActiveCfg = Debug|Any CPU
		{2D83FB1D-947D-4709-B415-B34EFBED2245}.Debug|Any CPU.Build.0 = Debug|Any CPU
		{2D83FB1D-947D-4709-B415-B34EFBED2245}.Release|Any CPU.ActiveCfg = Release|Any CPU
		{2D83FB1D-947D-4709-B415-B34EFBED2245}.Release|Any CPU.Build.0 = Release|Any CPU
		{BF88F238-AC98-44F2-8236-69C37C16F99F}.Debug|Any CPU.ActiveCfg = Debug|Any CPU
		{BF88F238-AC98-44F2-8236-69C37C16F99F}.Debug|Any CPU.Build.0 = Debug|Any CPU
		{BF88F238-AC98-44F2-8236-69C37C16F99F}.Release|Any CPU.ActiveCfg = Release|Any CPU
		{BF88F238-AC98-44F2-8236-69C37C16F99F}.Release|Any CPU.Build.0 = Release|Any CPU
	EndGlobalSection
	GlobalSection(SolutionProperties) = preSolution
		HideSolutionNode = FALSE
	EndGlobalSection
	GlobalSection(ExtensibilityGlobals) = postSolution
		SolutionGuid = {4E58352E-5691-445D-BC26-CC4D9058C977}
	EndGlobalSection
EndGlobal
